# This file is automatically @generated by Cargo.
# It is not intended for manual editing.
version = 3

[[package]]
name = "raqiya-retrocipher"
version = "0.1.0"
dependencies = [
 "rc2mips_r3000",
 "rcc",
]

[[package]]
name = "rc2mips_r3000"
version = "0.1.0"
dependencies = [
 "rcc",
]

[[package]]
name = "rcc"
version = "0.1.0"
